
Microsoft Visual Studio Solution File, Format Version 12.00
Project("{FAE04EC0-301F-11D3-BF4B-00C04F79EFBC}") = "WatchList-api", "WatchList-api\WatchList-api.csproj", "{C8670778-A45A-46D5-8192-F23B631550D8}"
EndProject
Project("{FAE04EC0-301F-11D3-BF4B-00C04F79EFBC}") = "WatchList-api.Test", "WatchList-api.Test\WatchList-api.Test.csproj", "{FF35D5CE-01A3-4E51-A748-1CEDCB3EC423}"
EndProject
Global
	GlobalSection(SolutionConfigurationPlatforms) = preSolution
		Debug|Any CPU = Debug|Any CPU
		Release|Any CPU = Release|Any CPU
	EndGlobalSection
	GlobalSection(ProjectConfigurationPlatforms) = postSolution
		{C8670778-A45A-46D5-8192-F23B631550D8}.Debug|Any CPU.ActiveCfg = Debug|Any CPU
		{C8670778-A45A-46D5-8192-F23B631550D8}.Debug|Any CPU.Build.0 = Debug|Any CPU
		{C8670778-A45A-46D5-8192-F23B631550D8}.Release|Any CPU.ActiveCfg = Release|Any CPU
		{C8670778-A45A-46D5-8192-F23B631550D8}.Release|Any CPU.Build.0 = Release|Any CPU
		{FF35D5CE-01A3-4E51-A748-1CEDCB3EC423}.Debug|Any CPU.ActiveCfg = Debug|Any CPU
		{FF35D5CE-01A3-4E51-A748-1CEDCB3EC423}.Debug|Any CPU.Build.0 = Debug|Any CPU
		{FF35D5CE-01A3-4E51-A748-1CEDCB3EC423}.Release|Any CPU.ActiveCfg = Release|Any CPU
		{FF35D5CE-01A3-4E51-A748-1CEDCB3EC423}.Release|Any CPU.Build.0 = Release|Any CPU
	EndGlobalSection
EndGlobal
